
Microsoft Visual Studio Solution File, Format Version 12.00
# Visual Studio Version 17
VisualStudioVersion = 17.2.32630.192
MinimumVisualStudioVersion = 10.0.40219.1
Project("{FAE04EC0-301F-11D3-BF4B-00C04F79EFBC}") = "taskStatic", "taskStatic\taskStatic.csproj", "{BCE0ECCA-5175-401D-A766-B809DB692A5D}"
EndProject
Global
	GlobalSection(SolutionConfigurationPlatforms) = preSolution
		Debug|Any CPU = Debug|Any CPU
		Release|Any CPU = Release|Any CPU
	EndGlobalSection
	GlobalSection(ProjectConfigurationPlatforms) = postSolution
		{BCE0ECCA-5175-401D-A766-B809DB692A5D}.Debug|Any CPU.ActiveCfg = Debug|Any CPU
		{BCE0ECCA-5175-401D-A766-B809DB692A5D}.Debug|Any CPU.Build.0 = Debug|Any CPU
		{BCE0ECCA-5175-401D-A766-B809DB692A5D}.Release|Any CPU.ActiveCfg = Release|Any CPU
		{BCE0ECCA-5175-401D-A766-B809DB692A5D}.Release|Any CPU.Build.0 = Release|Any CPU
	EndGlobalSection
	GlobalSection(SolutionProperties) = preSolution
		HideSolutionNode = FALSE
	EndGlobalSection
	GlobalSection(ExtensibilityGlobals) = postSolution
		SolutionGuid = {9E49C067-D3BE-426B-A1A5-2D9AB25E1491}
	EndGlobalSection
EndGlobal
